
Microsoft Visual Studio Solution File, Format Version 12.00
# Visual Studio Version 17
VisualStudioVersion = 17.10.34928.147
MinimumVisualStudioVersion = 10.0.40219.1
Project("{FAE04EC0-301F-11D3-BF4B-00C04F79EFBC}") = "EventManagementAPICRUD", "EventManagementAPICRUD\EventManagementAPICRUD.csproj", "{A16E175E-25FF-48D5-9132-31DA1FAA26F5}"
EndProject
Global
	GlobalSection(SolutionConfigurationPlatforms) = preSolution
		Debug|Any CPU = Debug|Any CPU
		Release|Any CPU = Release|Any CPU
	EndGlobalSection
	GlobalSection(ProjectConfigurationPlatforms) = postSolution
		{A16E175E-25FF-48D5-9132-31DA1FAA26F5}.Debug|Any CPU.ActiveCfg = Debug|Any CPU
		{A16E175E-25FF-48D5-9132-31DA1FAA26F5}.Debug|Any CPU.Build.0 = Debug|Any CPU
		{A16E175E-25FF-48D5-9132-31DA1FAA26F5}.Release|Any CPU.ActiveCfg = Release|Any CPU
		{A16E175E-25FF-48D5-9132-31DA1FAA26F5}.Release|Any CPU.Build.0 = Release|Any CPU
	EndGlobalSection
	GlobalSection(SolutionProperties) = preSolution
		HideSolutionNode = FALSE
	EndGlobalSection
	GlobalSection(ExtensibilityGlobals) = postSolution
		SolutionGuid = {8EF9475E-2979-4132-AAC3-3163212FEE24}
	EndGlobalSection
EndGlobal
